// !$*UTF8*$!
{
	archiveVersion = 1;
	classes = {
	};
	objectVersion = 46;
	objects = {

/* Begin PBXBuildFile section */
		65C7F2E21A641199000F518E /* AppDelegate.swift in Sources */ = {isa = PBXBuildFile; fileRef = 65C7F2E11A641199000F518E /* AppDelegate.swift */; };
		65C7F2E51A641199000F518E /* CandlePinScore.xcdatamodeld in Sources */ = {isa = PBXBuildFile; fileRef = 65C7F2E31A641199000F518E /* CandlePinScore.xcdatamodeld */; };
		65C7F2E71A641199000F518E /* ViewController.swift in Sources */ = {isa = PBXBuildFile; fileRef = 65C7F2E61A641199000F518E /* ViewController.swift */; };
		65C7F2EA1A641199000F518E /* Main.storyboard in Resources */ = {isa = PBXBuildFile; fileRef = 65C7F2E81A641199000F518E /* Main.storyboard */; };
		65C7F2EC1A641199000F518E /* Images.xcassets in Resources */ = {isa = PBXBuildFile; fileRef = 65C7F2EB1A641199000F518E /* Images.xcassets */; };
		65C7F2EF1A641199000F518E /* LaunchScreen.xib in Resources */ = {isa = PBXBuildFile; fileRef = 65C7F2ED1A641199000F518E /* LaunchScreen.xib */; };
		65C7F2FB1A641199000F518E /* CandlePinScoreTests.swift in Sources */ = {isa = PBXBuildFile; fileRef = 65C7F2FA1A641199000F518E /* CandlePinScoreTests.swift */; };
/* End PBXBuildFile section */

/* Begin PBXContainerItemProxy section */
		65C7F2F51A641199000F518E /* PBXContainerItemProxy */ = {
			isa = PBXContainerItemProxy;
			containerPortal = 65C7F2D41A641199000F518E /* Project object */;
			proxyType = 1;
			remoteGlobalIDString = 65C7F2DB1A641199000F518E;
			remoteInfo = CandlePinScore;
		};
/* End PBXContainerItemProxy section */

/* Begin PBXFileReference section */
		65C7F2DC1A641199000F518E /* CandlePinScore.app */ = {isa = PBXFileReference; explicitFileType = wrapper.application; includeInIndex = 0; path = CandlePinScore.app; sourceTree = BUILT_PRODUCTS_DIR; };
		65C7F2E01A641199000F518E /* Info.plist */ = {isa = PBXFileReference; lastKnownFileType = text.plist.xml; path = Info.plist; sourceTree = "<group>"; };
		65C7F2E11A641199000F518E /* AppDelegate.swift */ = {isa = PBXFileReference; lastKnownFileType = sourcecode.swift; path = AppDelegate.swift; sourceTree = "<group>"; };
		65C7F2E41A641199000F518E /* CandlePinScore.xcdatamodel */ = {isa = PBXFileReference; lastKnownFileType = wrapper.xcdatamodel; path = CandlePinScore.xcdatamodel; sourceTree = "<group>"; };
		65C7F2E61A641199000F518E /* ViewController.swift */ = {isa = PBXFileReference; lastKnownFileType = sourcecode.swift; path = ViewController.swift; sourceTree = "<group>"; };
		65C7F2E91A641199000F518E /* Base */ = {isa = PBXFileReference; lastKnownFileType = file.storyboard; name = Base; path = Base.lproj/Main.storyboard; sourceTree = "<group>"; };
		65C7F2EB1A641199000F518E /* Images.xcassets */ = {isa = PBXFileReference; lastKnownFileType = folder.assetcatalog; path = Images.xcassets; sourceTree = "<group>"; };
		65C7F2EE1A641199000F518E /* Base */ = {isa = PBXFileReference; lastKnownFileType = file.xib; name = Base; path = Base.lproj/LaunchScreen.xib; sourceTree = "<group>"; };
		65C7F2F41A641199000F518E /* CandlePinScoreTests.xctest */ = {isa = PBXFileReference; explicitFileType = wrapper.cfbundle; includeInIndex = 0; path = CandlePinScoreTests.xctest; sourceTree = BUILT_PRODUCTS_DIR; };
		65C7F2F91A641199000F518E /* Info.plist */ = {isa = PBXFileReference; lastKnownFileType = text.plist.xml; path = Info.plist; sourceTree = "<group>"; };
		65C7F2FA1A641199000F518E /* CandlePinScoreTests.swift */ = {isa = PBXFileReference; lastKnownFileType = sourcecode.swift; path = CandlePinScoreTests.swift; sourceTree = "<group>"; };
/* End PBXFileReference section */

/* Begin PBXFrameworksBuildPhase section */
		65C7F2D91A641199000F518E /* Frameworks */ = {
			isa = PBXFrameworksBuildPhase;
			buildActionMask = 2147483647;
			files = (
			);
			runOnlyForDeploymentPostprocessing = 0;
		};
		65C7F2F11A641199000F518E /* Frameworks */ = {
			isa = PBXFrameworksBuildPhase;
			buildActionMask = 2147483647;
			files = (
			);
			runOnlyForDeploymentPostprocessing = 0;
		};
/* End PBXFrameworksBuildPhase section */

/* Begin PBXGroup section */
		65C7F2D31A641199000F518E = {
			isa = PBXGroup;
			children = (
				65C7F2DE1A641199000F518E /* CandlePinScore */,
				65C7F2F71A641199000F518E /* CandlePinScoreTests */,
				65C7F2DD1A641199000F518E /* Products */,
			);
			sourceTree = "<group>";
		};
		65C7F2DD1A641199000F518E /* Products */ = {
			isa = PBXGroup;
			children = (
				65C7F2DC1A641199000F518E /* CandlePinScore.app */,
				65C7F2F41A641199000F518E /* CandlePinScoreTests.xctest */,
			);
			name = Products;
			sourceTree = "<group>";
		};
		65C7F2DE1A641199000F518E /* CandlePinScore */ = {
			isa = PBXGroup;
			children = (
				65C7F2E11A641199000F518E /* AppDelegate.swift */,
				65C7F2E61A641199000F518E /* ViewController.swift */,
				65C7F2E81A641199000F518E /* Main.storyboard */,
				65C7F2EB1A641199000F518E /* Images.xcassets */,
				65C7F2ED1A641199000F518E /* LaunchScreen.xib */,
				65C7F2E31A641199000F518E /* CandlePinScore.xcdatamodeld */,
				65C7F2DF1A641199000F518E /* Supporting Files */,
			);
			path = CandlePinScore;
			sourceTree = "<group>";
		};
		65C7F2DF1A641199000F518E /* Supporting Files */ = {
			isa = PBXGroup;
			children = (
				65C7F2E01A641199000F518E /* Info.plist */,
			);
			name = "Supporting Files";
			sourceTree = "<group>";
		};
		65C7F2F71A641199000F518E /* CandlePinScoreTests */ = {
			isa = PBXGroup;
			children = (
				65C7F2FA1A641199000F518E /* CandlePinScoreTests.swift */,
				65C7F2F81A641199000F518E /* Supporting Files */,
			);
			path = CandlePinScoreTests;
			sourceTree = "<group>";
		};
		65C7F2F81A641199000F518E /* Supporting Files */ = {
			isa = PBXGroup;
			children = (
				65C7F2F91A641199000F518E /* Info.plist */,
			);
			name = "Supporting Files";
			sourceTree = "<group>";
		};
/* End PBXGroup section */

/* Begin PBXNativeTarget section */
		65C7F2DB1A641199000F518E /* CandlePinScore */ = {
			isa = PBXNativeTarget;
			buildConfigurationList = 65C7F2FE1A641199000F518E /* Build configuration list for PBXNativeTarget "CandlePinScore" */;
			buildPhases = (
				65C7F2D81A641199000F518E /* Sources */,
				65C7F2D91A641199000F518E /* Frameworks */,
				65C7F2DA1A641199000F518E /* Resources */,
			);
			buildRules = (
			);
			dependencies = (
			);
			name = CandlePinScore;
			productName = CandlePinScore;
			productReference = 65C7F2DC1A641199000F518E /* CandlePinScore.app */;
			productType = "com.apple.product-type.application";
		};
		65C7F2F31A641199000F518E /* CandlePinScoreTests */ = {
			isa = PBXNativeTarget;
			buildConfigurationList = 65C7F3011A641199000F518E /* Build configuration list for PBXNativeTarget "CandlePinScoreTests" */;
			buildPhases = (
				65C7F2F01A641199000F518E /* Sources */,
				65C7F2F11A641199000F518E /* Frameworks */,
				65C7F2F21A641199000F518E /* Resources */,
			);
			buildRules = (
			);
			dependencies = (
				65C7F2F61A641199000F518E /* PBXTargetDependency */,
			);
			name = CandlePinScoreTests;
			productName = CandlePinScoreTests;
			productReference = 65C7F2F41A641199000F518E /* CandlePinScoreTests.xctest */;
			productType = "com.apple.product-type.bundle.unit-test";
		};
/* End PBXNativeTarget section */

/* Begin PBXProject section */
		65C7F2D41A641199000F518E /* Project object */ = {
			isa = PBXProject;
			attributes = {
				LastUpgradeCheck = 0610;
				ORGANIZATIONNAME = Nanigans;
				TargetAttributes = {
					65C7F2DB1A641199000F518E = {
						CreatedOnToolsVersion = 6.1.1;
					};
					65C7F2F31A641199000F518E = {
						CreatedOnToolsVersion = 6.1.1;
						TestTargetID = 65C7F2DB1A641199000F518E;
					};
				};
			};
			buildConfigurationList = 65C7F2D71A641199000F518E /* Build configuration list for PBXProject "CandlePinScore" */;
			compatibilityVersion = "Xcode 3.2";
			developmentRegion = English;
			hasScannedForEncodings = 0;
			knownRegions = (
				en,
				Base,
			);
			mainGroup = 65C7F2D31A641199000F518E;
			productRefGroup = 65C7F2DD1A641199000F518E /* Products */;
			projectDirPath = "";
			projectRoot = "";
			targets = (
				65C7F2DB1A641199000F518E /* CandlePinScore */,
				65C7F2F31A641199000F518E /* CandlePinScoreTests */,
			);
		};
/* End PBXProject section */

/* Begin PBXResourcesBuildPhase section */
		65C7F2DA1A641199000F518E /* Resources */ = {
			isa = PBXResourcesBuildPhase;
			buildActionMask = 2147483647;
			files = (
				65C7F2EA1A641199000F518E /* Main.storyboard in Resources */,
				65C7F2EF1A641199000F518E /* LaunchScreen.xib in Resources */,
				65C7F2EC1A641199000F518E /* Images.xcassets in Resources */,
			);
			runOnlyForDeploymentPostprocessing = 0;
		};
		65C7F2F21A641199000F518E /* Resources */ = {
			isa = PBXResourcesBuildPhase;
			buildActionMask = 2147483647;
			files = (
			);
			runOnlyForDeploymentPostprocessing = 0;
		};
/* End PBXResourcesBuildPhase section */

/* Begin PBXSourcesBuildPhase section */
		65C7F2D81A641199000F518E /* Sources */ = {
			isa = PBXSourcesBuildPhase;
			buildActionMask = 2147483647;
			files = (
				65C7F2E71A641199000F518E /* ViewController.swift in Sources */,
				65C7F2E21A641199000F518E /* AppDelegate.swift in Sources */,
				65C7F2E51A641199000F518E /* CandlePinScore.xcdatamodeld in Sources */,
			);
			runOnlyForDeploymentPostprocessing = 0;
		};
		65C7F2F01A641199000F518E /* Sources */ = {
			isa = PBXSourcesBuildPhase;
			buildActionMask = 2147483647;
			files = (
				65C7F2FB1A641199000F518E /* CandlePinScoreTests.swift in Sources */,
			);
			runOnlyForDeploymentPostprocessing = 0;
		};
/* End PBXSourcesBuildPhase section */

/* Begin PBXTargetDependency section */
		65C7F2F61A641199000F518E /* PBXTargetDependency */ = {
			isa = PBXTargetDependency;
			target = 65C7F2DB1A641199000F518E /* CandlePinScore */;
			targetProxy = 65C7F2F51A641199000F518E /* PBXContainerItemProxy */;
		};
/* End PBXTargetDependency section */

/* Begin PBXVariantGroup section */
		65C7F2E81A641199000F518E /* Main.storyboard */ = {
			isa = PBXVariantGroup;
			children = (
				65C7F2E91A641199000F518E /* Base */,
			);
			name = Main.storyboard;
			sourceTree = "<group>";
		};
		65C7F2ED1A641199000F518E /* LaunchScreen.xib */ = {
			isa = PBXVariantGroup;
			children = (
				65C7F2EE1A641199000F518E /* Base */,
			);
			name = LaunchScreen.xib;
			sourceTree = "<group>";
		};
/* End PBXVariantGroup section */

/* Begin XCBuildConfiguration section */
		65C7F2FC1A641199000F518E /* Debug */ = {
			isa = XCBuildConfiguration;
			buildSettings = {
				ALWAYS_SEARCH_USER_PATHS = NO;
				CLANG_CXX_LANGUAGE_STANDARD = "gnu++0x";
				CLANG_CXX_LIBRARY = "libc++";
				CLANG_ENABLE_MODULES = YES;
				CLANG_ENABLE_OBJC_ARC = YES;
				CLANG_WARN_BOOL_CONVERSION = YES;
				CLANG_WARN_CONSTANT_CONVERSION = YES;
				CLANG_WARN_DIRECT_OBJC_ISA_USAGE = YES_ERROR;
				CLANG_WARN_EMPTY_BODY = YES;
				CLANG_WARN_ENUM_CONVERSION = YES;
				CLANG_WARN_INT_CONVERSION = YES;
				CLANG_WARN_OBJC_ROOT_CLASS = YES_ERROR;
				CLANG_WARN_UNREACHABLE_CODE = YES;
				CLANG_WARN__DUPLICATE_METHOD_MATCH = YES;
				"CODE_SIGN_IDENTITY[sdk=iphoneos*]" = "iPhone Developer";
				COPY_PHASE_STRIP = NO;
				ENABLE_STRICT_OBJC_MSGSEND = YES;
				GCC_C_LANGUAGE_STANDARD = gnu99;
				GCC_DYNAMIC_NO_PIC = NO;
				GCC_OPTIMIZATION_LEVEL = 0;
				GCC_PREPROCESSOR_DEFINITIONS = (
					"DEBUG=1",
					"$(inherited)",
				);
				GCC_SYMBOLS_PRIVATE_EXTERN = NO;
				GCC_WARN_64_TO_32_BIT_CONVERSION = YES;
				GCC_WARN_ABOUT_RETURN_TYPE = YES_ERROR;
				GCC_WARN_UNDECLARED_SELECTOR = YES;
				GCC_WARN_UNINITIALIZED_AUTOS = YES_AGGRESSIVE;
				GCC_WARN_UNUSED_FUNCTION = YES;
				GCC_WARN_UNUSED_VARIABLE = YES;
				IPHONEOS_DEPLOYMENT_TARGET = 8.1;
				MTL_ENABLE_DEBUG_INFO = YES;
				ONLY_ACTIVE_ARCH = YES;
				SDKROOT = iphoneos;
				SWIFT_OPTIMIZATION_LEVEL = "-Onone";
				TARGETED_DEVICE_FAMILY = "1,2";
			};
			name = Debug;
		};
		65C7F2FD1A641199000F518E /* Release */ = {
			isa = XCBuildConfiguration;
			buildSettings = {
				ALWAYS_SEARCH_USER_PATHS = NO;
				CLANG_CXX_LANGUAGE_STANDARD = "gnu++0x";
				CLANG_CXX_LIBRARY = "libc++";
				CLANG_ENABLE_MODULES = YES;
				CLANG_ENABLE_OBJC_ARC = YES;
				CLANG_WARN_BOOL_CONVERSION = YES;
				CLANG_WARN_CONSTANT_CONVERSION = YES;
				CLANG_WARN_DIRECT_OBJC_ISA_USAGE = YES_ERROR;
				CLANG_WARN_EMPTY_BODY = YES;
				CLANG_WARN_ENUM_CONVERSION = YES;
				CLANG_WARN_INT_CONVERSION = YES;
				CLANG_WARN_OBJC_ROOT_CLASS = YES_ERROR;
				CLANG_WARN_UNREACHABLE_CODE = YES;
				CLANG_WARN__DUPLICATE_METHOD_MATCH = YES;
				"CODE_SIGN_IDENTITY[sdk=iphoneos*]" = "iPhone Developer";
				COPY_PHASE_STRIP = YES;
				ENABLE_NS_ASSERTIONS = NO;
				ENABLE_STRICT_OBJC_MSGSEND = YES;
				GCC_C_LANGUAGE_STANDARD = gnu99;
				GCC_WARN_64_TO_32_BIT_CONVERSION = YES;
				GCC_WARN_ABOUT_RETURN_TYPE = YES_ERROR;
				GCC_WARN_UNDECLARED_SELECTOR = YES;
				GCC_WARN_UNINITIALIZED_AUTOS = YES_AGGRESSIVE;
				GCC_WARN_UNUSED_FUNCTION = YES;
				GCC_WARN_UNUSED_VARIABLE = YES;
				IPHONEOS_DEPLOYMENT_TARGET = 8.1;
				MTL_ENABLE_DEBUG_INFO = NO;
				SDKROOT = iphoneos;
				TARGETED_DEVICE_FAMILY = "1,2";
				VALIDATE_PRODUCT = YES;
			};
			name = Release;
		};
		65C7F2FF1A641199000F518E /* Debug */ = {
			isa = XCBuildConfiguration;
			buildSettings = {
				ASSETCATALOG_COMPILER_APPICON_NAME = AppIcon;
				INFOPLIST_FILE = CandlePinScore/Info.plist;
				LD_RUNPATH_SEARCH_PATHS = "$(inherited) @executable_path/Frameworks";
				PRODUCT_NAME = "$(TARGET_NAME)";
			};
			name = Debug;
		};
		65C7F3001A641199000F518E /* Release */ = {
			isa = XCBuildConfiguration;
			buildSettings = {
				ASSETCATALOG_COMPILER_APPICON_NAME = AppIcon;
				INFOPLIST_FILE = CandlePinScore/Info.plist;
				LD_RUNPATH_SEARCH_PATHS = "$(inherited) @executable_path/Frameworks";
				PRODUCT_NAME = "$(TARGET_NAME)";
			};
			name = Release;
		};
		65C7F3021A641199000F518E /* Debug */ = {
			isa = XCBuildConfiguration;
			buildSettings = {
				BUNDLE_LOADER = "$(TEST_HOST)";
				FRAMEWORK_SEARCH_PATHS = (
					"$(SDKROOT)/Developer/Library/Frameworks",
					"$(inherited)",
				);
				GCC_PREPROCESSOR_DEFINITIONS = (
					"DEBUG=1",
					"$(inherited)",
				);
				INFOPLIST_FILE = CandlePinScoreTests/Info.plist;
				LD_RUNPATH_SEARCH_PATHS = "$(inherited) @executable_path/Frameworks @loader_path/Frameworks";
				PRODUCT_NAME = "$(TARGET_NAME)";
				TEST_HOST = "$(BUILT_PRODUCTS_DIR)/CandlePinScore.app/CandlePinScore";
			};
			name = Debug;
		};
		65C7F3031A641199000F518E /* Release */ = {
			isa = XCBuildConfiguration;
			buildSettings = {
				BUNDLE_LOADER = "$(TEST_HOST)";
				FRAMEWORK_SEARCH_PATHS = (
					"$(SDKROOT)/Developer/Library/Frameworks",
					"$(inherited)",
				);
				INFOPLIST_FILE = CandlePinScoreTests/Info.plist;
				LD_RUNPATH_SEARCH_PATHS = "$(inherited) @executable_path/Frameworks @loader_path/Frameworks";
				PRODUCT_NAME = "$(TARGET_NAME)";
				TEST_HOST = "$(BUILT_PRODUCTS_DIR)/CandlePinScore.app/CandlePinScore";
			};
			name = Release;
		};
/* End XCBuildConfiguration section */

/* Begin XCConfigurationList section */
		65C7F2D71A641199000F518E /* Build configuration list for PBXProject "CandlePinScore" */ = {
			isa = XCConfigurationList;
			buildConfigurations = (
				65C7F2FC1A641199000F518E /* Debug */,
				65C7F2FD1A641199000F518E /* Release */,
			);
			defaultConfigurationIsVisible = 0;
			defaultConfigurationName = Release;
		};
		65C7F2FE1A641199000F518E /* Build configuration list for PBXNativeTarget "CandlePinScore" */ = {
			isa = XCConfigurationList;
			buildConfigurations = (
				65C7F2FF1A641199000F518E /* Debug */,
				65C7F3001A641199000F518E /* Release */,
			);
			defaultConfigurationIsVisible = 0;
		};
		65C7F3011A641199000F518E /* Build configuration list for PBXNativeTarget "CandlePinScoreTests" */ = {
			isa = XCConfigurationList;
			buildConfigurations = (
				65C7F3021A641199000F518E /* Debug */,
				65C7F3031A641199000F518E /* Release */,
			);
			defaultConfigurationIsVisible = 0;
		};
/* End XCConfigurationList section */

/* Begin XCVersionGroup section */
		65C7F2E31A641199000F518E /* CandlePinScore.xcdatamodeld */ = {
			isa = XCVersionGroup;
			children = (
				65C7F2E41A641199000F518E /* CandlePinScore.xcdatamodel */,
			);
			currentVersion = 65C7F2E41A641199000F518E /* CandlePinScore.xcdatamodel */;
			path = CandlePinScore.xcdatamodeld;
			sourceTree = "<group>";
			versionGroupType = wrapper.xcdatamodel;
		};
/* End XCVersionGroup section */
	};
	rootObject = 65C7F2D41A641199000F518E /* Project object */;
}
